# THIS IS AN AUTOGENERATED FILE. DO NOT EDIT THIS FILE DIRECTLY.
# yarn lockfile v1


async-validator@^3.4.0:
  version "3.4.0"
  resolved "https://registry.npm.taobao.org/async-validator/download/async-validator-3.4.0.tgz?cache=0&sync_timestamp=1596623559786&other_urls=https%3A%2F%2Fregistry.npm.taobao.org%2Fasync-validator%2Fdownload%2Fasync-validator-3.4.0.tgz#871b3e594124bf4c4eb7bcd1a9e78b44f3b09cae"
  integrity sha1-hxs+WUEkv0xOt7zRqeeLRPOwnK4=
